
Microsoft Visual Studio Solution File, Format Version 12.00
# Visual Studio Version 17
VisualStudioVersion = 17.10.35122.118
MinimumVisualStudioVersion = 10.0.40219.1
Project("{FAE04EC0-301F-11D3-BF4B-00C04F79EFBC}") = "ProjetoArray", "ProjetoArray.csproj", "{7682722A-0748-4A9D-B71E-4FBDD76B7A2F}"
EndProject
Global
	GlobalSection(SolutionConfigurationPlatforms) = preSolution
		Debug|Any CPU = Debug|Any CPU
		Release|Any CPU = Release|Any CPU
	EndGlobalSection
	GlobalSection(ProjectConfigurationPlatforms) = postSolution
		{7682722A-0748-4A9D-B71E-4FBDD76B7A2F}.Debug|Any CPU.ActiveCfg = Debug|Any CPU
		{7682722A-0748-4A9D-B71E-4FBDD76B7A2F}.Debug|Any CPU.Build.0 = Debug|Any CPU
		{7682722A-0748-4A9D-B71E-4FBDD76B7A2F}.Release|Any CPU.ActiveCfg = Release|Any CPU
		{7682722A-0748-4A9D-B71E-4FBDD76B7A2F}.Release|Any CPU.Build.0 = Release|Any CPU
	EndGlobalSection
	GlobalSection(SolutionProperties) = preSolution
		HideSolutionNode = FALSE
	EndGlobalSection
	GlobalSection(ExtensibilityGlobals) = postSolution
		SolutionGuid = {0111F498-62DF-4A44-881B-DF4F718A03B5}
	EndGlobalSection
EndGlobal
